
Microsoft Visual Studio Solution File, Format Version 12.00
# Visual Studio Version 17
VisualStudioVersion = 17.7.34031.279
MinimumVisualStudioVersion = 10.0.40219.1
Project("{FAE04EC0-301F-11D3-BF4B-00C04F79EFBC}") = "TestMovementSFML", "TestMovementSFML.csproj", "{C3936DCA-849D-4B2B-9E15-D031CA4951EA}"
EndProject
Global
	GlobalSection(SolutionConfigurationPlatforms) = preSolution
		Debug|Any CPU = Debug|Any CPU
		Release|Any CPU = Release|Any CPU
	EndGlobalSection
	GlobalSection(ProjectConfigurationPlatforms) = postSolution
		{C3936DCA-849D-4B2B-9E15-D031CA4951EA}.Debug|Any CPU.ActiveCfg = Debug|Any CPU
		{C3936DCA-849D-4B2B-9E15-D031CA4951EA}.Debug|Any CPU.Build.0 = Debug|Any CPU
		{C3936DCA-849D-4B2B-9E15-D031CA4951EA}.Release|Any CPU.ActiveCfg = Release|Any CPU
		{C3936DCA-849D-4B2B-9E15-D031CA4951EA}.Release|Any CPU.Build.0 = Release|Any CPU
	EndGlobalSection
	GlobalSection(SolutionProperties) = preSolution
		HideSolutionNode = FALSE
	EndGlobalSection
	GlobalSection(ExtensibilityGlobals) = postSolution
		SolutionGuid = {E0AE17A3-17FF-4B02-9DA1-4BFDEB04F461}
	EndGlobalSection
EndGlobal
